
Microsoft Visual Studio Solution File, Format Version 12.00
# Visual Studio Version 17
VisualStudioVersion = 17.9.34714.143
MinimumVisualStudioVersion = 10.0.40219.1
Project("{FAE04EC0-301F-11D3-BF4B-00C04F79EFBC}") = "CapaPresentacion", "CapaPresentacion\CapaPresentacion.csproj", "{F6BBF635-DD21-4B5F-9102-D33DCBF2F554}"
EndProject
Project("{FAE04EC0-301F-11D3-BF4B-00C04F79EFBC}") = "CapaLogicaNegocios", "CapaLogicaNegocios\CapaLogicaNegocios.csproj", "{4BA34E55-04F3-4FD9-B935-B6040FF33AB6}"
EndProject
Project("{FAE04EC0-301F-11D3-BF4B-00C04F79EFBC}") = "CapaAccesoDatos", "CapaAccesoDatos\CapaAccesoDatos.csproj", "{86D08AB7-16C7-4A83-BEE3-5CDA40F1FBF3}"
EndProject
Global
	GlobalSection(SolutionConfigurationPlatforms) = preSolution
		Debug|Any CPU = Debug|Any CPU
		Release|Any CPU = Release|Any CPU
	EndGlobalSection
	GlobalSection(ProjectConfigurationPlatforms) = postSolution
		{F6BBF635-DD21-4B5F-9102-D33DCBF2F554}.Debug|Any CPU.ActiveCfg = Debug|Any CPU
		{F6BBF635-DD21-4B5F-9102-D33DCBF2F554}.Debug|Any CPU.Build.0 = Debug|Any CPU
		{F6BBF635-DD21-4B5F-9102-D33DCBF2F554}.Release|Any CPU.ActiveCfg = Release|Any CPU
		{F6BBF635-DD21-4B5F-9102-D33DCBF2F554}.Release|Any CPU.Build.0 = Release|Any CPU
		{4BA34E55-04F3-4FD9-B935-B6040FF33AB6}.Debug|Any CPU.ActiveCfg = Debug|Any CPU
		{4BA34E55-04F3-4FD9-B935-B6040FF33AB6}.Debug|Any CPU.Build.0 = Debug|Any CPU
		{4BA34E55-04F3-4FD9-B935-B6040FF33AB6}.Release|Any CPU.ActiveCfg = Release|Any CPU
		{4BA34E55-04F3-4FD9-B935-B6040FF33AB6}.Release|Any CPU.Build.0 = Release|Any CPU
		{86D08AB7-16C7-4A83-BEE3-5CDA40F1FBF3}.Debug|Any CPU.ActiveCfg = Debug|Any CPU
		{86D08AB7-16C7-4A83-BEE3-5CDA40F1FBF3}.Debug|Any CPU.Build.0 = Debug|Any CPU
		{86D08AB7-16C7-4A83-BEE3-5CDA40F1FBF3}.Release|Any CPU.ActiveCfg = Release|Any CPU
		{86D08AB7-16C7-4A83-BEE3-5CDA40F1FBF3}.Release|Any CPU.Build.0 = Release|Any CPU
	EndGlobalSection
	GlobalSection(SolutionProperties) = preSolution
		HideSolutionNode = FALSE
	EndGlobalSection
	GlobalSection(ExtensibilityGlobals) = postSolution
		SolutionGuid = {0EDB302B-BA88-4288-B1DE-A03076FBD0CA}
	EndGlobalSection
EndGlobal
